// !$*UTF8*$!
{
	archiveVersion = 1;
	classes = {
	};
	objectVersion = 50;
	objects = {

/* Begin PBXBuildFile section */
		CA7D1F032200F3FF003E45ED /* AppDelegate.swift in Sources */ = {isa = PBXBuildFile; fileRef = CA7D1F022200F3FF003E45ED /* AppDelegate.swift */; };
		CA7D1F052200F3FF003E45ED /* ViewController.swift in Sources */ = {isa = PBXBuildFile; fileRef = CA7D1F042200F3FF003E45ED /* ViewController.swift */; };
		CA7D1F082200F3FF003E45ED /* Main.storyboard in Resources */ = {isa = PBXBuildFile; fileRef = CA7D1F062200F3FF003E45ED /* Main.storyboard */; };
		CA7D1F0A2200F400003E45ED /* Assets.xcassets in Resources */ = {isa = PBXBuildFile; fileRef = CA7D1F092200F400003E45ED /* Assets.xcassets */; };
		CA7D1F0D2200F400003E45ED /* LaunchScreen.storyboard in Resources */ = {isa = PBXBuildFile; fileRef = CA7D1F0B2200F400003E45ED /* LaunchScreen.storyboard */; };
		CA7D1F182200F400003E45ED /* DestroyTheWorldTests.swift in Sources */ = {isa = PBXBuildFile; fileRef = CA7D1F172200F400003E45ED /* DestroyTheWorldTests.swift */; };
		CA7D1F232200F400003E45ED /* DestroyTheWorldUITests.swift in Sources */ = {isa = PBXBuildFile; fileRef = CA7D1F222200F400003E45ED /* DestroyTheWorldUITests.swift */; };
/* End PBXBuildFile section */

/* Begin PBXContainerItemProxy section */
		CA7D1F142200F400003E45ED /* PBXContainerItemProxy */ = {
			isa = PBXContainerItemProxy;
			containerPortal = CA7D1EF72200F3FF003E45ED /* Project object */;
			proxyType = 1;
			remoteGlobalIDString = CA7D1EFE2200F3FF003E45ED;
			remoteInfo = DestroyTheWorld;
		};
		CA7D1F1F2200F400003E45ED /* PBXContainerItemProxy */ = {
			isa = PBXContainerItemProxy;
			containerPortal = CA7D1EF72200F3FF003E45ED /* Project object */;
			proxyType = 1;
			remoteGlobalIDString = CA7D1EFE2200F3FF003E45ED;
			remoteInfo = DestroyTheWorld;
		};
/* End PBXContainerItemProxy section */

/* Begin PBXFileReference section */
		CA7D1EFF2200F3FF003E45ED /* DestroyTheWorld.app */ = {isa = PBXFileReference; explicitFileType = wrapper.application; includeInIndex = 0; path = DestroyTheWorld.app; sourceTree = BUILT_PRODUCTS_DIR; };
		CA7D1F022200F3FF003E45ED /* AppDelegate.swift */ = {isa = PBXFileReference; lastKnownFileType = sourcecode.swift; path = AppDelegate.swift; sourceTree = "<group>"; };
		CA7D1F042200F3FF003E45ED /* ViewController.swift */ = {isa = PBXFileReference; lastKnownFileType = sourcecode.swift; path = ViewController.swift; sourceTree = "<group>"; };
		CA7D1F072200F3FF003E45ED /* Base */ = {isa = PBXFileReference; lastKnownFileType = file.storyboard; name = Base; path = Base.lproj/Main.storyboard; sourceTree = "<group>"; };
		CA7D1F092200F400003E45ED /* Assets.xcassets */ = {isa = PBXFileReference; lastKnownFileType = folder.assetcatalog; path = Assets.xcassets; sourceTree = "<group>"; };
		CA7D1F0C2200F400003E45ED /* Base */ = {isa = PBXFileReference; lastKnownFileType = file.storyboard; name = Base; path = Base.lproj/LaunchScreen.storyboard; sourceTree = "<group>"; };
		CA7D1F0E2200F400003E45ED /* Info.plist */ = {isa = PBXFileReference; lastKnownFileType = text.plist.xml; path = Info.plist; sourceTree = "<group>"; };
		CA7D1F132200F400003E45ED /* DestroyTheWorldTests.xctest */ = {isa = PBXFileReference; explicitFileType = wrapper.cfbundle; includeInIndex = 0; path = DestroyTheWorldTests.xctest; sourceTree = BUILT_PRODUCTS_DIR; };
		CA7D1F172200F400003E45ED /* DestroyTheWorldTests.swift */ = {isa = PBXFileReference; lastKnownFileType = sourcecode.swift; path = DestroyTheWorldTests.swift; sourceTree = "<group>"; };
		CA7D1F192200F400003E45ED /* Info.plist */ = {isa = PBXFileReference; lastKnownFileType = text.plist.xml; path = Info.plist; sourceTree = "<group>"; };
		CA7D1F1E2200F400003E45ED /* DestroyTheWorldUITests.xctest */ = {isa = PBXFileReference; explicitFileType = wrapper.cfbundle; includeInIndex = 0; path = DestroyTheWorldUITests.xctest; sourceTree = BUILT_PRODUCTS_DIR; };
		CA7D1F222200F400003E45ED /* DestroyTheWorldUITests.swift */ = {isa = PBXFileReference; lastKnownFileType = sourcecode.swift; path = DestroyTheWorldUITests.swift; sourceTree = "<group>"; };
		CA7D1F242200F400003E45ED /* Info.plist */ = {isa = PBXFileReference; lastKnownFileType = text.plist.xml; path = Info.plist; sourceTree = "<group>"; };
/* End PBXFileReference section */

/* Begin PBXFrameworksBuildPhase section */
		CA7D1EFC2200F3FF003E45ED /* Frameworks */ = {
			isa = PBXFrameworksBuildPhase;
			buildActionMask = 2147483647;
			files = (
			);
			runOnlyForDeploymentPostprocessing = 0;
		};
		CA7D1F102200F400003E45ED /* Frameworks */ = {
			isa = PBXFrameworksBuildPhase;
			buildActionMask = 2147483647;
			files = (
			);
			runOnlyForDeploymentPostprocessing = 0;
		};
		CA7D1F1B2200F400003E45ED /* Frameworks */ = {
			isa = PBXFrameworksBuildPhase;
			buildActionMask = 2147483647;
			files = (
			);
			runOnlyForDeploymentPostprocessing = 0;
		};
/* End PBXFrameworksBuildPhase section */

/* Begin PBXGroup section */
		CA7D1EF62200F3FF003E45ED = {
			isa = PBXGroup;
			children = (
				CA7D1F012200F3FF003E45ED /* DestroyTheWorld */,
				CA7D1F162200F400003E45ED /* DestroyTheWorldTests */,
				CA7D1F212200F400003E45ED /* DestroyTheWorldUITests */,
				CA7D1F002200F3FF003E45ED /* Products */,
			);
			sourceTree = "<group>";
		};
		CA7D1F002200F3FF003E45ED /* Products */ = {
			isa = PBXGroup;
			children = (
				CA7D1EFF2200F3FF003E45ED /* DestroyTheWorld.app */,
				CA7D1F132200F400003E45ED /* DestroyTheWorldTests.xctest */,
				CA7D1F1E2200F400003E45ED /* DestroyTheWorldUITests.xctest */,
			);
			name = Products;
			sourceTree = "<group>";
		};
		CA7D1F012200F3FF003E45ED /* DestroyTheWorld */ = {
			isa = PBXGroup;
			children = (
				CA7D1F022200F3FF003E45ED /* AppDelegate.swift */,
				CA7D1F042200F3FF003E45ED /* ViewController.swift */,
				CA7D1F062200F3FF003E45ED /* Main.storyboard */,
				CA7D1F092200F400003E45ED /* Assets.xcassets */,
				CA7D1F0B2200F400003E45ED /* LaunchScreen.storyboard */,
				CA7D1F0E2200F400003E45ED /* Info.plist */,
			);
			path = DestroyTheWorld;
			sourceTree = "<group>";
		};
		CA7D1F162200F400003E45ED /* DestroyTheWorldTests */ = {
			isa = PBXGroup;
			children = (
				CA7D1F172200F400003E45ED /* DestroyTheWorldTests.swift */,
				CA7D1F192200F400003E45ED /* Info.plist */,
			);
			path = DestroyTheWorldTests;
			sourceTree = "<group>";
		};
		CA7D1F212200F400003E45ED /* DestroyTheWorldUITests */ = {
			isa = PBXGroup;
			children = (
				CA7D1F222200F400003E45ED /* DestroyTheWorldUITests.swift */,
				CA7D1F242200F400003E45ED /* Info.plist */,
			);
			path = DestroyTheWorldUITests;
			sourceTree = "<group>";
		};
/* End PBXGroup section */

/* Begin PBXNativeTarget section */
		CA7D1EFE2200F3FF003E45ED /* DestroyTheWorld */ = {
			isa = PBXNativeTarget;
			buildConfigurationList = CA7D1F272200F400003E45ED /* Build configuration list for PBXNativeTarget "DestroyTheWorld" */;
			buildPhases = (
				CA7D1EFB2200F3FF003E45ED /* Sources */,
				CA7D1EFC2200F3FF003E45ED /* Frameworks */,
				CA7D1EFD2200F3FF003E45ED /* Resources */,
			);
			buildRules = (
			);
			dependencies = (
			);
			name = DestroyTheWorld;
			productName = DestroyTheWorld;
			productReference = CA7D1EFF2200F3FF003E45ED /* DestroyTheWorld.app */;
			productType = "com.apple.product-type.application";
		};
		CA7D1F122200F400003E45ED /* DestroyTheWorldTests */ = {
			isa = PBXNativeTarget;
			buildConfigurationList = CA7D1F2A2200F400003E45ED /* Build configuration list for PBXNativeTarget "DestroyTheWorldTests" */;
			buildPhases = (
				CA7D1F0F2200F400003E45ED /* Sources */,
				CA7D1F102200F400003E45ED /* Frameworks */,
				CA7D1F112200F400003E45ED /* Resources */,
			);
			buildRules = (
			);
			dependencies = (
				CA7D1F152200F400003E45ED /* PBXTargetDependency */,
			);
			name = DestroyTheWorldTests;
			productName = DestroyTheWorldTests;
			productReference = CA7D1F132200F400003E45ED /* DestroyTheWorldTests.xctest */;
			productType = "com.apple.product-type.bundle.unit-test";
		};
		CA7D1F1D2200F400003E45ED /* DestroyTheWorldUITests */ = {
			isa = PBXNativeTarget;
			buildConfigurationList = CA7D1F2D2200F400003E45ED /* Build configuration list for PBXNativeTarget "DestroyTheWorldUITests" */;
			buildPhases = (
				CA7D1F1A2200F400003E45ED /* Sources */,
				CA7D1F1B2200F400003E45ED /* Frameworks */,
				CA7D1F1C2200F400003E45ED /* Resources */,
			);
			buildRules = (
			);
			dependencies = (
				CA7D1F202200F400003E45ED /* PBXTargetDependency */,
			);
			name = DestroyTheWorldUITests;
			productName = DestroyTheWorldUITests;
			productReference = CA7D1F1E2200F400003E45ED /* DestroyTheWorldUITests.xctest */;
			productType = "com.apple.product-type.bundle.ui-testing";
		};
/* End PBXNativeTarget section */

/* Begin PBXProject section */
		CA7D1EF72200F3FF003E45ED /* Project object */ = {
			isa = PBXProject;
			attributes = {
				LastSwiftUpdateCheck = 1010;
				LastUpgradeCheck = 1010;
				ORGANIZATIONNAME = "Brandon Liu";
				TargetAttributes = {
					CA7D1EFE2200F3FF003E45ED = {
						CreatedOnToolsVersion = 10.1;
					};
					CA7D1F122200F400003E45ED = {
						CreatedOnToolsVersion = 10.1;
						TestTargetID = CA7D1EFE2200F3FF003E45ED;
					};
					CA7D1F1D2200F400003E45ED = {
						CreatedOnToolsVersion = 10.1;
						TestTargetID = CA7D1EFE2200F3FF003E45ED;
					};
				};
			};
			buildConfigurationList = CA7D1EFA2200F3FF003E45ED /* Build configuration list for PBXProject "DestroyTheWorld" */;
			compatibilityVersion = "Xcode 9.3";
			developmentRegion = en;
			hasScannedForEncodings = 0;
			knownRegions = (
				en,
				Base,
			);
			mainGroup = CA7D1EF62200F3FF003E45ED;
			productRefGroup = CA7D1F002200F3FF003E45ED /* Products */;
			projectDirPath = "";
			projectRoot = "";
			targets = (
				CA7D1EFE2200F3FF003E45ED /* DestroyTheWorld */,
				CA7D1F122200F400003E45ED /* DestroyTheWorldTests */,
				CA7D1F1D2200F400003E45ED /* DestroyTheWorldUITests */,
			);
		};
/* End PBXProject section */

/* Begin PBXResourcesBuildPhase section */
		CA7D1EFD2200F3FF003E45ED /* Resources */ = {
			isa = PBXResourcesBuildPhase;
			buildActionMask = 2147483647;
			files = (
				CA7D1F0D2200F400003E45ED /* LaunchScreen.storyboard in Resources */,
				CA7D1F0A2200F400003E45ED /* Assets.xcassets in Resources */,
				CA7D1F082200F3FF003E45ED /* Main.storyboard in Resources */,
			);
			runOnlyForDeploymentPostprocessing = 0;
		};
		CA7D1F112200F400003E45ED /* Resources */ = {
			isa = PBXResourcesBuildPhase;
			buildActionMask = 2147483647;
			files = (
			);
			runOnlyForDeploymentPostprocessing = 0;
		};
		CA7D1F1C2200F400003E45ED /* Resources */ = {
			isa = PBXResourcesBuildPhase;
			buildActionMask = 2147483647;
			files = (
			);
			runOnlyForDeploymentPostprocessing = 0;
		};
/* End PBXResourcesBuildPhase section */

/* Begin PBXSourcesBuildPhase section */
		CA7D1EFB2200F3FF003E45ED /* Sources */ = {
			isa = PBXSourcesBuildPhase;
			buildActionMask = 2147483647;
			files = (
				CA7D1F052200F3FF003E45ED /* ViewController.swift in Sources */,
				CA7D1F032200F3FF003E45ED /* AppDelegate.swift in Sources */,
			);
			runOnlyForDeploymentPostprocessing = 0;
		};
		CA7D1F0F2200F400003E45ED /* Sources */ = {
			isa = PBXSourcesBuildPhase;
			buildActionMask = 2147483647;
			files = (
				CA7D1F182200F400003E45ED /* DestroyTheWorldTests.swift in Sources */,
			);
			runOnlyForDeploymentPostprocessing = 0;
		};
		CA7D1F1A2200F400003E45ED /* Sources */ = {
			isa = PBXSourcesBuildPhase;
			buildActionMask = 2147483647;
			files = (
				CA7D1F232200F400003E45ED /* DestroyTheWorldUITests.swift in Sources */,
			);
			runOnlyForDeploymentPostprocessing = 0;
		};
/* End PBXSourcesBuildPhase section */

/* Begin PBXTargetDependency section */
		CA7D1F152200F400003E45ED /* PBXTargetDependency */ = {
			isa = PBXTargetDependency;
			target = CA7D1EFE2200F3FF003E45ED /* DestroyTheWorld */;
			targetProxy = CA7D1F142200F400003E45ED /* PBXContainerItemProxy */;
		};
		CA7D1F202200F400003E45ED /* PBXTargetDependency */ = {
			isa = PBXTargetDependency;
			target = CA7D1EFE2200F3FF003E45ED /* DestroyTheWorld */;
			targetProxy = CA7D1F1F2200F400003E45ED /* PBXContainerItemProxy */;
		};
/* End PBXTargetDependency section */

/* Begin PBXVariantGroup section */
		CA7D1F062200F3FF003E45ED /* Main.storyboard */ = {
			isa = PBXVariantGroup;
			children = (
				CA7D1F072200F3FF003E45ED /* Base */,
			);
			name = Main.storyboard;
			sourceTree = "<group>";
		};
		CA7D1F0B2200F400003E45ED /* LaunchScreen.storyboard */ = {
			isa = PBXVariantGroup;
			children = (
				CA7D1F0C2200F400003E45ED /* Base */,
			);
			name = LaunchScreen.storyboard;
			sourceTree = "<group>";
		};
/* End PBXVariantGroup section */

/* Begin XCBuildConfiguration section */
		CA7D1F252200F400003E45ED /* Debug */ = {
			isa = XCBuildConfiguration;
			buildSettings = {
				ALWAYS_SEARCH_USER_PATHS = NO;
				CLANG_ANALYZER_NONNULL = YES;
				CLANG_ANALYZER_NUMBER_OBJECT_CONVERSION = YES_AGGRESSIVE;
				CLANG_CXX_LANGUAGE_STANDARD = "gnu++14";
				CLANG_CXX_LIBRARY = "libc++";
				CLANG_ENABLE_MODULES = YES;
				CLANG_ENABLE_OBJC_ARC = YES;
				CLANG_ENABLE_OBJC_WEAK = YES;
				CLANG_WARN_BLOCK_CAPTURE_AUTORELEASING = YES;
				CLANG_WARN_BOOL_CONVERSION = YES;
				CLANG_WARN_COMMA = YES;
				CLANG_WARN_CONSTANT_CONVERSION = YES;
				CLANG_WARN_DEPRECATED_OBJC_IMPLEMENTATIONS = YES;
				CLANG_WARN_DIRECT_OBJC_ISA_USAGE = YES_ERROR;
				CLANG_WARN_DOCUMENTATION_COMMENTS = YES;
				CLANG_WARN_EMPTY_BODY = YES;
				CLANG_WARN_ENUM_CONVERSION = YES;
				CLANG_WARN_INFINITE_RECURSION = YES;
				CLANG_WARN_INT_CONVERSION = YES;
				CLANG_WARN_NON_LITERAL_NULL_CONVERSION = YES;
				CLANG_WARN_OBJC_IMPLICIT_RETAIN_SELF = YES;
				CLANG_WARN_OBJC_LITERAL_CONVERSION = YES;
				CLANG_WARN_OBJC_ROOT_CLASS = YES_ERROR;
				CLANG_WARN_RANGE_LOOP_ANALYSIS = YES;
				CLANG_WARN_STRICT_PROTOTYPES = YES;
				CLANG_WARN_SUSPICIOUS_MOVE = YES;
				CLANG_WARN_UNGUARDED_AVAILABILITY = YES_AGGRESSIVE;
				CLANG_WARN_UNREACHABLE_CODE = YES;
				CLANG_WARN__DUPLICATE_METHOD_MATCH = YES;
				CODE_SIGN_IDENTITY = "iPhone Developer";
				COPY_PHASE_STRIP = NO;
				DEBUG_INFORMATION_FORMAT = dwarf;
				ENABLE_STRICT_OBJC_MSGSEND = YES;
				ENABLE_TESTABILITY = YES;
				GCC_C_LANGUAGE_STANDARD = gnu11;
				GCC_DYNAMIC_NO_PIC = NO;
				GCC_NO_COMMON_BLOCKS = YES;
				GCC_OPTIMIZATION_LEVEL = 0;
				GCC_PREPROCESSOR_DEFINITIONS = (
					"DEBUG=1",
					"$(inherited)",
				);
				GCC_WARN_64_TO_32_BIT_CONVERSION = YES;
				GCC_WARN_ABOUT_RETURN_TYPE = YES_ERROR;
				GCC_WARN_UNDECLARED_SELECTOR = YES;
				GCC_WARN_UNINITIALIZED_AUTOS = YES_AGGRESSIVE;
				GCC_WARN_UNUSED_FUNCTION = YES;
				GCC_WARN_UNUSED_VARIABLE = YES;
				IPHONEOS_DEPLOYMENT_TARGET = 12.1;
				MTL_ENABLE_DEBUG_INFO = INCLUDE_SOURCE;
				MTL_FAST_MATH = YES;
				ONLY_ACTIVE_ARCH = YES;
				SDKROOT = iphoneos;
				SWIFT_ACTIVE_COMPILATION_CONDITIONS = DEBUG;
				SWIFT_OPTIMIZATION_LEVEL = "-Onone";
			};
			name = Debug;
		};
		CA7D1F262200F400003E45ED /* Release */ = {
			isa = XCBuildConfiguration;
			buildSettings = {
				ALWAYS_SEARCH_USER_PATHS = NO;
				CLANG_ANALYZER_NONNULL = YES;
				CLANG_ANALYZER_NUMBER_OBJECT_CONVERSION = YES_AGGRESSIVE;
				CLANG_CXX_LANGUAGE_STANDARD = "gnu++14";
				CLANG_CXX_LIBRARY = "libc++";
				CLANG_ENABLE_MODULES = YES;
				CLANG_ENABLE_OBJC_ARC = YES;
				CLANG_ENABLE_OBJC_WEAK = YES;
				CLANG_WARN_BLOCK_CAPTURE_AUTORELEASING = YES;
				CLANG_WARN_BOOL_CONVERSION = YES;
				CLANG_WARN_COMMA = YES;
				CLANG_WARN_CONSTANT_CONVERSION = YES;
				CLANG_WARN_DEPRECATED_OBJC_IMPLEMENTATIONS = YES;
				CLANG_WARN_DIRECT_OBJC_ISA_USAGE = YES_ERROR;
				CLANG_WARN_DOCUMENTATION_COMMENTS = YES;
				CLANG_WARN_EMPTY_BODY = YES;
				CLANG_WARN_ENUM_CONVERSION = YES;
				CLANG_WARN_INFINITE_RECURSION = YES;
				CLANG_WARN_INT_CONVERSION = YES;
				CLANG_WARN_NON_LITERAL_NULL_CONVERSION = YES;
				CLANG_WARN_OBJC_IMPLICIT_RETAIN_SELF = YES;
				CLANG_WARN_OBJC_LITERAL_CONVERSION = YES;
				CLANG_WARN_OBJC_ROOT_CLASS = YES_ERROR;
				CLANG_WARN_RANGE_LOOP_ANALYSIS = YES;
				CLANG_WARN_STRICT_PROTOTYPES = YES;
				CLANG_WARN_SUSPICIOUS_MOVE = YES;
				CLANG_WARN_UNGUARDED_AVAILABILITY = YES_AGGRESSIVE;
				CLANG_WARN_UNREACHABLE_CODE = YES;
				CLANG_WARN__DUPLICATE_METHOD_MATCH = YES;
				CODE_SIGN_IDENTITY = "iPhone Developer";
				COPY_PHASE_STRIP = NO;
				DEBUG_INFORMATION_FORMAT = "dwarf-with-dsym";
				ENABLE_NS_ASSERTIONS = NO;
				ENABLE_STRICT_OBJC_MSGSEND = YES;
				GCC_C_LANGUAGE_STANDARD = gnu11;
				GCC_NO_COMMON_BLOCKS = YES;
				GCC_WARN_64_TO_32_BIT_CONVERSION = YES;
				GCC_WARN_ABOUT_RETURN_TYPE = YES_ERROR;
				GCC_WARN_UNDECLARED_SELECTOR = YES;
				GCC_WARN_UNINITIALIZED_AUTOS = YES_AGGRESSIVE;
				GCC_WARN_UNUSED_FUNCTION = YES;
				GCC_WARN_UNUSED_VARIABLE = YES;
				IPHONEOS_DEPLOYMENT_TARGET = 12.1;
				MTL_ENABLE_DEBUG_INFO = NO;
				MTL_FAST_MATH = YES;
				SDKROOT = iphoneos;
				SWIFT_COMPILATION_MODE = wholemodule;
				SWIFT_OPTIMIZATION_LEVEL = "-O";
				VALIDATE_PRODUCT = YES;
			};
			name = Release;
		};
		CA7D1F282200F400003E45ED /* Debug */ = {
			isa = XCBuildConfiguration;
			buildSettings = {
				ASSETCATALOG_COMPILER_APPICON_NAME = AppIcon;
				CODE_SIGN_STYLE = Automatic;
				DEVELOPMENT_TEAM = 9XDFUKLP4U;
				INFOPLIST_FILE = DestroyTheWorld/Info.plist;
				LD_RUNPATH_SEARCH_PATHS = (
					"$(inherited)",
					"@executable_path/Frameworks",
				);
				PRODUCT_BUNDLE_IDENTIFIER = BL.DestroyTheWorld;
				PRODUCT_NAME = "$(TARGET_NAME)";
				SWIFT_VERSION = 4.2;
				TARGETED_DEVICE_FAMILY = "1,2";
			};
			name = Debug;
		};
		CA7D1F292200F400003E45ED /* Release */ = {
			isa = XCBuildConfiguration;
			buildSettings = {
				ASSETCATALOG_COMPILER_APPICON_NAME = AppIcon;
				CODE_SIGN_STYLE = Automatic;
				DEVELOPMENT_TEAM = 9XDFUKLP4U;
				INFOPLIST_FILE = DestroyTheWorld/Info.plist;
				LD_RUNPATH_SEARCH_PATHS = (
					"$(inherited)",
					"@executable_path/Frameworks",
				);
				PRODUCT_BUNDLE_IDENTIFIER = BL.DestroyTheWorld;
				PRODUCT_NAME = "$(TARGET_NAME)";
				SWIFT_VERSION = 4.2;
				TARGETED_DEVICE_FAMILY = "1,2";
			};
			name = Release;
		};
		CA7D1F2B2200F400003E45ED /* Debug */ = {
			isa = XCBuildConfiguration;
			buildSettings = {
				ALWAYS_EMBED_SWIFT_STANDARD_LIBRARIES = YES;
				BUNDLE_LOADER = "$(TEST_HOST)";
				CODE_SIGN_STYLE = Automatic;
				DEVELOPMENT_TEAM = 9XDFUKLP4U;
				INFOPLIST_FILE = DestroyTheWorldTests/Info.plist;
				LD_RUNPATH_SEARCH_PATHS = (
					"$(inherited)",
					"@executable_path/Frameworks",
					"@loader_path/Frameworks",
				);
				PRODUCT_BUNDLE_IDENTIFIER = BL.DestroyTheWorldTests;
				PRODUCT_NAME = "$(TARGET_NAME)";
				SWIFT_VERSION = 4.2;
				TARGETED_DEVICE_FAMILY = "1,2";
				TEST_HOST = "$(BUILT_PRODUCTS_DIR)/DestroyTheWorld.app/DestroyTheWorld";
			};
			name = Debug;
		};
		CA7D1F2C2200F400003E45ED /* Release */ = {
			isa = XCBuildConfiguration;
			buildSettings = {
				ALWAYS_EMBED_SWIFT_STANDARD_LIBRARIES = YES;
				BUNDLE_LOADER = "$(TEST_HOST)";
				CODE_SIGN_STYLE = Automatic;
				DEVELOPMENT_TEAM = 9XDFUKLP4U;
				INFOPLIST_FILE = DestroyTheWorldTests/Info.plist;
				LD_RUNPATH_SEARCH_PATHS = (
					"$(inherited)",
					"@executable_path/Frameworks",
					"@loader_path/Frameworks",
				);
				PRODUCT_BUNDLE_IDENTIFIER = BL.DestroyTheWorldTests;
				PRODUCT_NAME = "$(TARGET_NAME)";
				SWIFT_VERSION = 4.2;
				TARGETED_DEVICE_FAMILY = "1,2";
				TEST_HOST = "$(BUILT_PRODUCTS_DIR)/DestroyTheWorld.app/DestroyTheWorld";
			};
			name = Release;
		};
		CA7D1F2E2200F400003E45ED /* Debug */ = {
			isa = XCBuildConfiguration;
			buildSettings = {
				ALWAYS_EMBED_SWIFT_STANDARD_LIBRARIES = YES;
				CODE_SIGN_STYLE = Automatic;
				DEVELOPMENT_TEAM = 9XDFUKLP4U;
				INFOPLIST_FILE = DestroyTheWorldUITests/Info.plist;
				LD_RUNPATH_SEARCH_PATHS = (
					"$(inherited)",
					"@executable_path/Frameworks",
					"@loader_path/Frameworks",
				);
				PRODUCT_BUNDLE_IDENTIFIER = BL.DestroyTheWorldUITests;
				PRODUCT_NAME = "$(TARGET_NAME)";
				SWIFT_VERSION = 4.2;
				TARGETED_DEVICE_FAMILY = "1,2";
				TEST_TARGET_NAME = DestroyTheWorld;
			};
			name = Debug;
		};
		CA7D1F2F2200F400003E45ED /* Release */ = {
			isa = XCBuildConfiguration;
			buildSettings = {
				ALWAYS_EMBED_SWIFT_STANDARD_LIBRARIES = YES;
				CODE_SIGN_STYLE = Automatic;
				DEVELOPMENT_TEAM = 9XDFUKLP4U;
				INFOPLIST_FILE = DestroyTheWorldUITests/Info.plist;
				LD_RUNPATH_SEARCH_PATHS = (
					"$(inherited)",
					"@executable_path/Frameworks",
					"@loader_path/Frameworks",
				);
				PRODUCT_BUNDLE_IDENTIFIER = BL.DestroyTheWorldUITests;
				PRODUCT_NAME = "$(TARGET_NAME)";
				SWIFT_VERSION = 4.2;
				TARGETED_DEVICE_FAMILY = "1,2";
				TEST_TARGET_NAME = DestroyTheWorld;
			};
			name = Release;
		};
/* End XCBuildConfiguration section */

/* Begin XCConfigurationList section */
		CA7D1EFA2200F3FF003E45ED /* Build configuration list for PBXProject "DestroyTheWorld" */ = {
			isa = XCConfigurationList;
			buildConfigurations = (
				CA7D1F252200F400003E45ED /* Debug */,
				CA7D1F262200F400003E45ED /* Release */,
			);
			defaultConfigurationIsVisible = 0;
			defaultConfigurationName = Release;
		};
		CA7D1F272200F400003E45ED /* Build configuration list for PBXNativeTarget "DestroyTheWorld" */ = {
			isa = XCConfigurationList;
			buildConfigurations = (
				CA7D1F282200F400003E45ED /* Debug */,
				CA7D1F292200F400003E45ED /* Release */,
			);
			defaultConfigurationIsVisible = 0;
			defaultConfigurationName = Release;
		};
		CA7D1F2A2200F400003E45ED /* Build configuration list for PBXNativeTarget "DestroyTheWorldTests" */ = {
			isa = XCConfigurationList;
			buildConfigurations = (
				CA7D1F2B2200F400003E45ED /* Debug */,
				CA7D1F2C2200F400003E45ED /* Release */,
			);
			defaultConfigurationIsVisible = 0;
			defaultConfigurationName = Release;
		};
		CA7D1F2D2200F400003E45ED /* Build configuration list for PBXNativeTarget "DestroyTheWorldUITests" */ = {
			isa = XCConfigurationList;
			buildConfigurations = (
				CA7D1F2E2200F400003E45ED /* Debug */,
				CA7D1F2F2200F400003E45ED /* Release */,
			);
			defaultConfigurationIsVisible = 0;
			defaultConfigurationName = Release;
		};
/* End XCConfigurationList section */
	};
	rootObject = CA7D1EF72200F3FF003E45ED /* Project object */;
}
